// !$*UTF8*$!
{
	archiveVersion = 1;
	classes = {
	};
	objectVersion = 56;
	objects = {

/* Begin PBXBuildFile section */
		186B5CFE29FBBADB002C91D9 /* K.swift in Sources */ = {isa = PBXBuildFile; fileRef = 186B5CFD29FBBADB002C91D9 /* K.swift */; };
		186B5D0029FBBAF7002C91D9 /* Color+Custom.swift in Sources */ = {isa = PBXBuildFile; fileRef = 186B5CFF29FBBAF7002C91D9 /* Color+Custom.swift */; };
		186B5D0229FBBAF9002C91D9 /* Image+Custom.swift in Sources */ = {isa = PBXBuildFile; fileRef = 186B5D0129FBBAF9002C91D9 /* Image+Custom.swift */; };
		186B5D0429FBBAFC002C91D9 /* Text+FontType.swift in Sources */ = {isa = PBXBuildFile; fileRef = 186B5D0329FBBAFB002C91D9 /* Text+FontType.swift */; };
		186B5D0929FBE204002C91D9 /* ErrorWrapper.swift in Sources */ = {isa = PBXBuildFile; fileRef = 186B5D0829FBE203002C91D9 /* ErrorWrapper.swift */; };
		186B5D1229FBF443002C91D9 /* SDWebImageSwiftUI in Frameworks */ = {isa = PBXBuildFile; productRef = 186B5D1129FBF443002C91D9 /* SDWebImageSwiftUI */; };
		186B5D1429FBF449002C91D9 /* SDWebImageSVGCoder in Frameworks */ = {isa = PBXBuildFile; productRef = 186B5D1329FBF449002C91D9 /* SDWebImageSVGCoder */; };
		187CF00029F68A4600CD262F /* SwiftUI_TestApp.swift in Sources */ = {isa = PBXBuildFile; fileRef = 187CEFFF29F68A4600CD262F /* SwiftUI_TestApp.swift */; };
		187CF00429F68A4800CD262F /* Assets.xcassets in Resources */ = {isa = PBXBuildFile; fileRef = 187CF00329F68A4800CD262F /* Assets.xcassets */; };
		187CF00729F68A4800CD262F /* Preview Assets.xcassets in Resources */ = {isa = PBXBuildFile; fileRef = 187CF00629F68A4800CD262F /* Preview Assets.xcassets */; };
		187CF01629F68A4800CD262F /* VendorsListVMTests.swift in Sources */ = {isa = PBXBuildFile; fileRef = 187CF01529F68A4800CD262F /* VendorsListVMTests.swift */; };
		187CF02029F68A4900CD262F /* SwiftUI_TestUITests.swift in Sources */ = {isa = PBXBuildFile; fileRef = 187CF01F29F68A4900CD262F /* SwiftUI_TestUITests.swift */; };
		187CF02229F68A4900CD262F /* SwiftUI_TestUITestsLaunchTests.swift in Sources */ = {isa = PBXBuildFile; fileRef = 187CF02129F68A4900CD262F /* SwiftUI_TestUITestsLaunchTests.swift */; };
		187CF03B29F6CC7C00CD262F /* vendors.json in Resources */ = {isa = PBXBuildFile; fileRef = 187CF03A29F6CC7C00CD262F /* vendors.json */; };
		187CF03D29F6CCC500CD262F /* VendorsParsingModel.swift in Sources */ = {isa = PBXBuildFile; fileRef = 187CF03C29F6CCC500CD262F /* VendorsParsingModel.swift */; };
		187CF03F29F6CDE600CD262F /* JSONParsingSevice.swift in Sources */ = {isa = PBXBuildFile; fileRef = 187CF03E29F6CDE600CD262F /* JSONParsingSevice.swift */; };
		187CF04229F6CE5600CD262F /* VendorsListVM.swift in Sources */ = {isa = PBXBuildFile; fileRef = 187CF04129F6CE5600CD262F /* VendorsListVM.swift */; };
		187CF04429F6CF6800CD262F /* VendorCardViewItem.swift in Sources */ = {isa = PBXBuildFile; fileRef = 187CF04329F6CF6800CD262F /* VendorCardViewItem.swift */; };
		18D28C4A29F7EE4C00491484 /* CategoryViewItem.swift in Sources */ = {isa = PBXBuildFile; fileRef = 18D28C4929F7EE4C00491484 /* CategoryViewItem.swift */; };
		18D28C4C29F7FC8700491484 /* VendorCardView.swift in Sources */ = {isa = PBXBuildFile; fileRef = 18D28C4B29F7FC8700491484 /* VendorCardView.swift */; };
		18D28C5929F80C1500491484 /* Open Sans Regular.ttf in Resources */ = {isa = PBXBuildFile; fileRef = 18D28C5829F80C1500491484 /* Open Sans Regular.ttf */; };
		18D28C5B29F80C2200491484 /* Open Sans Bold.ttf in Resources */ = {isa = PBXBuildFile; fileRef = 18D28C5A29F80C2200491484 /* Open Sans Bold.ttf */; };
		18D28C6029F916AD00491484 /* SDWebImageSwiftUI in Frameworks */ = {isa = PBXBuildFile; productRef = 18D28C5F29F916AD00491484 /* SDWebImageSwiftUI */; };
		18D28C6329F916F900491484 /* SDWebImageSVGCoder in Frameworks */ = {isa = PBXBuildFile; productRef = 18D28C6229F916F900491484 /* SDWebImageSVGCoder */; settings = {ATTRIBUTES = (Required, ); }; };
		18D28C7229FA9F6000491484 /* VendorsSearchListView.swift in Sources */ = {isa = PBXBuildFile; fileRef = 18D28C7129FA9F6000491484 /* VendorsSearchListView.swift */; };
/* End PBXBuildFile section */

/* Begin PBXContainerItemProxy section */
		187CF01229F68A4800CD262F /* PBXContainerItemProxy */ = {
			isa = PBXContainerItemProxy;
			containerPortal = 187CEFF429F68A4600CD262F /* Project object */;
			proxyType = 1;
			remoteGlobalIDString = 187CEFFB29F68A4600CD262F;
			remoteInfo = SwiftUI_Test;
		};
		187CF01C29F68A4900CD262F /* PBXContainerItemProxy */ = {
			isa = PBXContainerItemProxy;
			containerPortal = 187CEFF429F68A4600CD262F /* Project object */;
			proxyType = 1;
			remoteGlobalIDString = 187CEFFB29F68A4600CD262F;
			remoteInfo = SwiftUI_Test;
		};
/* End PBXContainerItemProxy section */

/* Begin PBXFileReference section */
		186B5CFD29FBBADB002C91D9 /* K.swift */ = {isa = PBXFileReference; fileEncoding = 4; lastKnownFileType = sourcecode.swift; name = K.swift; path = SwiftUI_Test/K.swift; sourceTree = SOURCE_ROOT; };
		186B5CFF29FBBAF7002C91D9 /* Color+Custom.swift */ = {isa = PBXFileReference; lastKnownFileType = sourcecode.swift; path = "Color+Custom.swift"; sourceTree = "<group>"; };
		186B5D0129FBBAF9002C91D9 /* Image+Custom.swift */ = {isa = PBXFileReference; lastKnownFileType = sourcecode.swift; path = "Image+Custom.swift"; sourceTree = "<group>"; };
		186B5D0329FBBAFB002C91D9 /* Text+FontType.swift */ = {isa = PBXFileReference; lastKnownFileType = sourcecode.swift; path = "Text+FontType.swift"; sourceTree = "<group>"; };
		186B5D0829FBE203002C91D9 /* ErrorWrapper.swift */ = {isa = PBXFileReference; lastKnownFileType = sourcecode.swift; path = ErrorWrapper.swift; sourceTree = "<group>"; };
		187CEFFC29F68A4600CD262F /* SwiftUI_Test.app */ = {isa = PBXFileReference; explicitFileType = wrapper.application; includeInIndex = 0; path = SwiftUI_Test.app; sourceTree = BUILT_PRODUCTS_DIR; };
		187CEFFF29F68A4600CD262F /* SwiftUI_TestApp.swift */ = {isa = PBXFileReference; lastKnownFileType = sourcecode.swift; path = SwiftUI_TestApp.swift; sourceTree = "<group>"; };
		187CF00329F68A4800CD262F /* Assets.xcassets */ = {isa = PBXFileReference; lastKnownFileType = folder.assetcatalog; path = Assets.xcassets; sourceTree = "<group>"; };
		187CF00629F68A4800CD262F /* Preview Assets.xcassets */ = {isa = PBXFileReference; lastKnownFileType = folder.assetcatalog; path = "Preview Assets.xcassets"; sourceTree = "<group>"; };
		187CF01129F68A4800CD262F /* SwiftUI_TestTests.xctest */ = {isa = PBXFileReference; explicitFileType = wrapper.cfbundle; includeInIndex = 0; path = SwiftUI_TestTests.xctest; sourceTree = BUILT_PRODUCTS_DIR; };
		187CF01529F68A4800CD262F /* VendorsListVMTests.swift */ = {isa = PBXFileReference; lastKnownFileType = sourcecode.swift; path = VendorsListVMTests.swift; sourceTree = "<group>"; };
		187CF01B29F68A4900CD262F /* SwiftUI_TestUITests.xctest */ = {isa = PBXFileReference; explicitFileType = wrapper.cfbundle; includeInIndex = 0; path = SwiftUI_TestUITests.xctest; sourceTree = BUILT_PRODUCTS_DIR; };
		187CF01F29F68A4900CD262F /* SwiftUI_TestUITests.swift */ = {isa = PBXFileReference; lastKnownFileType = sourcecode.swift; path = SwiftUI_TestUITests.swift; sourceTree = "<group>"; };
		187CF02129F68A4900CD262F /* SwiftUI_TestUITestsLaunchTests.swift */ = {isa = PBXFileReference; lastKnownFileType = sourcecode.swift; path = SwiftUI_TestUITestsLaunchTests.swift; sourceTree = "<group>"; };
		187CF03A29F6CC7C00CD262F /* vendors.json */ = {isa = PBXFileReference; fileEncoding = 4; lastKnownFileType = text.json; path = vendors.json; sourceTree = "<group>"; };
		187CF03C29F6CCC500CD262F /* VendorsParsingModel.swift */ = {isa = PBXFileReference; lastKnownFileType = sourcecode.swift; path = VendorsParsingModel.swift; sourceTree = "<group>"; };
		187CF03E29F6CDE600CD262F /* JSONParsingSevice.swift */ = {isa = PBXFileReference; lastKnownFileType = sourcecode.swift; path = JSONParsingSevice.swift; sourceTree = "<group>"; };
		187CF04129F6CE5600CD262F /* VendorsListVM.swift */ = {isa = PBXFileReference; lastKnownFileType = sourcecode.swift; path = VendorsListVM.swift; sourceTree = "<group>"; };
		187CF04329F6CF6800CD262F /* VendorCardViewItem.swift */ = {isa = PBXFileReference; lastKnownFileType = sourcecode.swift; path = VendorCardViewItem.swift; sourceTree = "<group>"; };
		18D28C4929F7EE4C00491484 /* CategoryViewItem.swift */ = {isa = PBXFileReference; lastKnownFileType = sourcecode.swift; path = CategoryViewItem.swift; sourceTree = "<group>"; };
		18D28C4B29F7FC8700491484 /* VendorCardView.swift */ = {isa = PBXFileReference; lastKnownFileType = sourcecode.swift; path = VendorCardView.swift; sourceTree = "<group>"; };
		18D28C5329F8089E00491484 /* SwiftUI-Test-Info.plist */ = {isa = PBXFileReference; lastKnownFileType = text.plist; path = "SwiftUI-Test-Info.plist"; sourceTree = SOURCE_ROOT; };
		18D28C5829F80C1500491484 /* Open Sans Regular.ttf */ = {isa = PBXFileReference; lastKnownFileType = file; path = "Open Sans Regular.ttf"; sourceTree = "<group>"; };
		18D28C5A29F80C2200491484 /* Open Sans Bold.ttf */ = {isa = PBXFileReference; lastKnownFileType = file; path = "Open Sans Bold.ttf"; sourceTree = "<group>"; };
		18D28C7129FA9F6000491484 /* VendorsSearchListView.swift */ = {isa = PBXFileReference; fileEncoding = 4; lastKnownFileType = sourcecode.swift; path = VendorsSearchListView.swift; sourceTree = "<group>"; };
/* End PBXFileReference section */

/* Begin PBXFrameworksBuildPhase section */
		187CEFF929F68A4600CD262F /* Frameworks */ = {
			isa = PBXFrameworksBuildPhase;
			buildActionMask = 2147483647;
			files = (
				18D28C6029F916AD00491484 /* SDWebImageSwiftUI in Frameworks */,
				18D28C6329F916F900491484 /* SDWebImageSVGCoder in Frameworks */,
			);
			runOnlyForDeploymentPostprocessing = 0;
		};
		187CF00E29F68A4800CD262F /* Frameworks */ = {
			isa = PBXFrameworksBuildPhase;
			buildActionMask = 2147483647;
			files = (
				186B5D1229FBF443002C91D9 /* SDWebImageSwiftUI in Frameworks */,
				186B5D1429FBF449002C91D9 /* SDWebImageSVGCoder in Frameworks */,
			);
			runOnlyForDeploymentPostprocessing = 0;
		};
		187CF01829F68A4900CD262F /* Frameworks */ = {
			isa = PBXFrameworksBuildPhase;
			buildActionMask = 2147483647;
			files = (
			);
			runOnlyForDeploymentPostprocessing = 0;
		};
/* End PBXFrameworksBuildPhase section */

/* Begin PBXGroup section */
		186B5D0529FBBB07002C91D9 /* Extensions */ = {
			isa = PBXGroup;
			children = (
				186B5CFF29FBBAF7002C91D9 /* Color+Custom.swift */,
				186B5D0129FBBAF9002C91D9 /* Image+Custom.swift */,
				186B5D0329FBBAFB002C91D9 /* Text+FontType.swift */,
			);
			path = Extensions;
			sourceTree = "<group>";
		};
		186B5D1029FBF443002C91D9 /* Frameworks */ = {
			isa = PBXGroup;
			children = (
			);
			name = Frameworks;
			sourceTree = "<group>";
		};
		187CEFF329F68A4600CD262F = {
			isa = PBXGroup;
			children = (
				187CEFFE29F68A4600CD262F /* SwiftUI_Test */,
				187CF01429F68A4800CD262F /* SwiftUI_TestTests */,
				187CF01E29F68A4900CD262F /* SwiftUI_TestUITests */,
				187CEFFD29F68A4600CD262F /* Products */,
				186B5D1029FBF443002C91D9 /* Frameworks */,
			);
			sourceTree = "<group>";
		};
		187CEFFD29F68A4600CD262F /* Products */ = {
			isa = PBXGroup;
			children = (
				187CEFFC29F68A4600CD262F /* SwiftUI_Test.app */,
				187CF01129F68A4800CD262F /* SwiftUI_TestTests.xctest */,
				187CF01B29F68A4900CD262F /* SwiftUI_TestUITests.xctest */,
			);
			name = Products;
			sourceTree = "<group>";
		};
		187CEFFE29F68A4600CD262F /* SwiftUI_Test */ = {
			isa = PBXGroup;
			children = (
				18D28C5329F8089E00491484 /* SwiftUI-Test-Info.plist */,
				187CEFFF29F68A4600CD262F /* SwiftUI_TestApp.swift */,
				187CF03029F6988800CD262F /* Model */,
				187CF02F29F6988300CD262F /* View */,
				187CF04029F6CE2400CD262F /* ViewModel */,
				187CF03129F698AE00CD262F /* Services */,
				186B5D0529FBBB07002C91D9 /* Extensions */,
				187CF03929F6CC3E00CD262F /* Assets */,
				187CF00529F68A4800CD262F /* Preview Content */,
			);
			path = SwiftUI_Test;
			sourceTree = "<group>";
		};
		187CF00529F68A4800CD262F /* Preview Content */ = {
			isa = PBXGroup;
			children = (
				187CF00629F68A4800CD262F /* Preview Assets.xcassets */,
			);
			path = "Preview Content";
			sourceTree = "<group>";
		};
		187CF01429F68A4800CD262F /* SwiftUI_TestTests */ = {
			isa = PBXGroup;
			children = (
				187CF01529F68A4800CD262F /* VendorsListVMTests.swift */,
			);
			path = SwiftUI_TestTests;
			sourceTree = "<group>";
		};
		187CF01E29F68A4900CD262F /* SwiftUI_TestUITests */ = {
			isa = PBXGroup;
			children = (
				187CF01F29F68A4900CD262F /* SwiftUI_TestUITests.swift */,
				187CF02129F68A4900CD262F /* SwiftUI_TestUITestsLaunchTests.swift */,
			);
			path = SwiftUI_TestUITests;
			sourceTree = "<group>";
		};
		187CF02F29F6988300CD262F /* View */ = {
			isa = PBXGroup;
			children = (
				18D28C7129FA9F6000491484 /* VendorsSearchListView.swift */,
				18D28C4B29F7FC8700491484 /* VendorCardView.swift */,
			);
			path = View;
			sourceTree = "<group>";
		};
		187CF03029F6988800CD262F /* Model */ = {
			isa = PBXGroup;
			children = (
				187CF03C29F6CCC500CD262F /* VendorsParsingModel.swift */,
				186B5D0829FBE203002C91D9 /* ErrorWrapper.swift */,
				18D28C4829F7EE3000491484 /* ViewItems */,
			);
			path = Model;
			sourceTree = "<group>";
		};
		187CF03129F698AE00CD262F /* Services */ = {
			isa = PBXGroup;
			children = (
				187CF03E29F6CDE600CD262F /* JSONParsingSevice.swift */,
			);
			path = Services;
			sourceTree = "<group>";
		};
		187CF03929F6CC3E00CD262F /* Assets */ = {
			isa = PBXGroup;
			children = (
				186B5CFD29FBBADB002C91D9 /* K.swift */,
				187CF03A29F6CC7C00CD262F /* vendors.json */,
				187CF00329F68A4800CD262F /* Assets.xcassets */,
				18D28C5A29F80C2200491484 /* Open Sans Bold.ttf */,
				18D28C5829F80C1500491484 /* Open Sans Regular.ttf */,
			);
			path = Assets;
			sourceTree = "<group>";
		};
		187CF04029F6CE2400CD262F /* ViewModel */ = {
			isa = PBXGroup;
			children = (
				187CF04129F6CE5600CD262F /* VendorsListVM.swift */,
			);
			path = ViewModel;
			sourceTree = "<group>";
		};
		18D28C4829F7EE3000491484 /* ViewItems */ = {
			isa = PBXGroup;
			children = (
				187CF04329F6CF6800CD262F /* VendorCardViewItem.swift */,
				18D28C4929F7EE4C00491484 /* CategoryViewItem.swift */,
			);
			path = ViewItems;
			sourceTree = "<group>";
		};
/* End PBXGroup section */

/* Begin PBXNativeTarget section */
		187CEFFB29F68A4600CD262F /* SwiftUI_Test */ = {
			isa = PBXNativeTarget;
			buildConfigurationList = 187CF02529F68A4900CD262F /* Build configuration list for PBXNativeTarget "SwiftUI_Test" */;
			buildPhases = (
				187CEFF829F68A4600CD262F /* Sources */,
				187CEFF929F68A4600CD262F /* Frameworks */,
				187CEFFA29F68A4600CD262F /* Resources */,
			);
			buildRules = (
			);
			dependencies = (
			);
			name = SwiftUI_Test;
			packageProductDependencies = (
				18D28C5F29F916AD00491484 /* SDWebImageSwiftUI */,
				18D28C6229F916F900491484 /* SDWebImageSVGCoder */,
			);
			productName = SwiftUI_Test;
			productReference = 187CEFFC29F68A4600CD262F /* SwiftUI_Test.app */;
			productType = "com.apple.product-type.application";
		};
		187CF01029F68A4800CD262F /* SwiftUI_TestTests */ = {
			isa = PBXNativeTarget;
			buildConfigurationList = 187CF02829F68A4900CD262F /* Build configuration list for PBXNativeTarget "SwiftUI_TestTests" */;
			buildPhases = (
				187CF00D29F68A4800CD262F /* Sources */,
				187CF00E29F68A4800CD262F /* Frameworks */,
				187CF00F29F68A4800CD262F /* Resources */,
			);
			buildRules = (
			);
			dependencies = (
				187CF01329F68A4800CD262F /* PBXTargetDependency */,
			);
			name = SwiftUI_TestTests;
			packageProductDependencies = (
				186B5D1129FBF443002C91D9 /* SDWebImageSwiftUI */,
				186B5D1329FBF449002C91D9 /* SDWebImageSVGCoder */,
			);
			productName = SwiftUI_TestTests;
			productReference = 187CF01129F68A4800CD262F /* SwiftUI_TestTests.xctest */;
			productType = "com.apple.product-type.bundle.unit-test";
		};
		187CF01A29F68A4900CD262F /* SwiftUI_TestUITests */ = {
			isa = PBXNativeTarget;
			buildConfigurationList = 187CF02B29F68A4900CD262F /* Build configuration list for PBXNativeTarget "SwiftUI_TestUITests" */;
			buildPhases = (
				187CF01729F68A4900CD262F /* Sources */,
				187CF01829F68A4900CD262F /* Frameworks */,
				187CF01929F68A4900CD262F /* Resources */,
			);
			buildRules = (
			);
			dependencies = (
				187CF01D29F68A4900CD262F /* PBXTargetDependency */,
			);
			name = SwiftUI_TestUITests;
			productName = SwiftUI_TestUITests;
			productReference = 187CF01B29F68A4900CD262F /* SwiftUI_TestUITests.xctest */;
			productType = "com.apple.product-type.bundle.ui-testing";
		};
/* End PBXNativeTarget section */

/* Begin PBXProject section */
		187CEFF429F68A4600CD262F /* Project object */ = {
			isa = PBXProject;
			attributes = {
				BuildIndependentTargetsInParallel = 1;
				LastSwiftUpdateCheck = 1420;
				LastUpgradeCheck = 1420;
				TargetAttributes = {
					187CEFFB29F68A4600CD262F = {
						CreatedOnToolsVersion = 14.2;
					};
					187CF01029F68A4800CD262F = {
						CreatedOnToolsVersion = 14.2;
						TestTargetID = 187CEFFB29F68A4600CD262F;
					};
					187CF01A29F68A4900CD262F = {
						CreatedOnToolsVersion = 14.2;
						TestTargetID = 187CEFFB29F68A4600CD262F;
					};
				};
			};
			buildConfigurationList = 187CEFF729F68A4600CD262F /* Build configuration list for PBXProject "SwiftUI_Test" */;
			compatibilityVersion = "Xcode 14.0";
			developmentRegion = en;
			hasScannedForEncodings = 0;
			knownRegions = (
				en,
				Base,
			);
			mainGroup = 187CEFF329F68A4600CD262F;
			packageReferences = (
				18D28C5E29F916AD00491484 /* XCRemoteSwiftPackageReference "SDWebImageSwiftUI" */,
				18D28C6129F916F900491484 /* XCRemoteSwiftPackageReference "SDWebImageSVGCoder" */,
			);
			productRefGroup = 187CEFFD29F68A4600CD262F /* Products */;
			projectDirPath = "";
			projectRoot = "";
			targets = (
				187CEFFB29F68A4600CD262F /* SwiftUI_Test */,
				187CF01029F68A4800CD262F /* SwiftUI_TestTests */,
				187CF01A29F68A4900CD262F /* SwiftUI_TestUITests */,
			);
		};
/* End PBXProject section */

/* Begin PBXResourcesBuildPhase section */
		187CEFFA29F68A4600CD262F /* Resources */ = {
			isa = PBXResourcesBuildPhase;
			buildActionMask = 2147483647;
			files = (
				187CF00729F68A4800CD262F /* Preview Assets.xcassets in Resources */,
				187CF00429F68A4800CD262F /* Assets.xcassets in Resources */,
				18D28C5B29F80C2200491484 /* Open Sans Bold.ttf in Resources */,
				18D28C5929F80C1500491484 /* Open Sans Regular.ttf in Resources */,
				187CF03B29F6CC7C00CD262F /* vendors.json in Resources */,
			);
			runOnlyForDeploymentPostprocessing = 0;
		};
		187CF00F29F68A4800CD262F /* Resources */ = {
			isa = PBXResourcesBuildPhase;
			buildActionMask = 2147483647;
			files = (
			);
			runOnlyForDeploymentPostprocessing = 0;
		};
		187CF01929F68A4900CD262F /* Resources */ = {
			isa = PBXResourcesBuildPhase;
			buildActionMask = 2147483647;
			files = (
			);
			runOnlyForDeploymentPostprocessing = 0;
		};
/* End PBXResourcesBuildPhase section */

/* Begin PBXSourcesBuildPhase section */
		187CEFF829F68A4600CD262F /* Sources */ = {
			isa = PBXSourcesBuildPhase;
			buildActionMask = 2147483647;
			files = (
				186B5D0929FBE204002C91D9 /* ErrorWrapper.swift in Sources */,
				187CF03D29F6CCC500CD262F /* VendorsParsingModel.swift in Sources */,
				186B5D0429FBBAFC002C91D9 /* Text+FontType.swift in Sources */,
				187CF03F29F6CDE600CD262F /* JSONParsingSevice.swift in Sources */,
				18D28C4C29F7FC8700491484 /* VendorCardView.swift in Sources */,
				187CF00029F68A4600CD262F /* SwiftUI_TestApp.swift in Sources */,
				187CF04429F6CF6800CD262F /* VendorCardViewItem.swift in Sources */,
				186B5D0029FBBAF7002C91D9 /* Color+Custom.swift in Sources */,
				186B5CFE29FBBADB002C91D9 /* K.swift in Sources */,
				18D28C7229FA9F6000491484 /* VendorsSearchListView.swift in Sources */,
				186B5D0229FBBAF9002C91D9 /* Image+Custom.swift in Sources */,
				18D28C4A29F7EE4C00491484 /* CategoryViewItem.swift in Sources */,
				187CF04229F6CE5600CD262F /* VendorsListVM.swift in Sources */,
			);
			runOnlyForDeploymentPostprocessing = 0;
		};
		187CF00D29F68A4800CD262F /* Sources */ = {
			isa = PBXSourcesBuildPhase;
			buildActionMask = 2147483647;
			files = (
				187CF01629F68A4800CD262F /* VendorsListVMTests.swift in Sources */,
			);
			runOnlyForDeploymentPostprocessing = 0;
		};
		187CF01729F68A4900CD262F /* Sources */ = {
			isa = PBXSourcesBuildPhase;
			buildActionMask = 2147483647;
			files = (
				187CF02229F68A4900CD262F /* SwiftUI_TestUITestsLaunchTests.swift in Sources */,
				187CF02029F68A4900CD262F /* SwiftUI_TestUITests.swift in Sources */,
			);
			runOnlyForDeploymentPostprocessing = 0;
		};
/* End PBXSourcesBuildPhase section */

/* Begin PBXTargetDependency section */
		187CF01329F68A4800CD262F /* PBXTargetDependency */ = {
			isa = PBXTargetDependency;
			target = 187CEFFB29F68A4600CD262F /* SwiftUI_Test */;
			targetProxy = 187CF01229F68A4800CD262F /* PBXContainerItemProxy */;
		};
		187CF01D29F68A4900CD262F /* PBXTargetDependency */ = {
			isa = PBXTargetDependency;
			target = 187CEFFB29F68A4600CD262F /* SwiftUI_Test */;
			targetProxy = 187CF01C29F68A4900CD262F /* PBXContainerItemProxy */;
		};
/* End PBXTargetDependency section */

/* Begin XCBuildConfiguration section */
		187CF02329F68A4900CD262F /* Debug */ = {
			isa = XCBuildConfiguration;
			buildSettings = {
				ALWAYS_SEARCH_USER_PATHS = NO;
				CLANG_ANALYZER_NONNULL = YES;
				CLANG_ANALYZER_NUMBER_OBJECT_CONVERSION = YES_AGGRESSIVE;
				CLANG_CXX_LANGUAGE_STANDARD = "gnu++20";
				CLANG_ENABLE_MODULES = YES;
				CLANG_ENABLE_OBJC_ARC = YES;
				CLANG_ENABLE_OBJC_WEAK = YES;
				CLANG_WARN_BLOCK_CAPTURE_AUTORELEASING = YES;
				CLANG_WARN_BOOL_CONVERSION = YES;
				CLANG_WARN_COMMA = YES;
				CLANG_WARN_CONSTANT_CONVERSION = YES;
				CLANG_WARN_DEPRECATED_OBJC_IMPLEMENTATIONS = YES;
				CLANG_WARN_DIRECT_OBJC_ISA_USAGE = YES_ERROR;
				CLANG_WARN_DOCUMENTATION_COMMENTS = YES;
				CLANG_WARN_EMPTY_BODY = YES;
				CLANG_WARN_ENUM_CONVERSION = YES;
				CLANG_WARN_INFINITE_RECURSION = YES;
				CLANG_WARN_INT_CONVERSION = YES;
				CLANG_WARN_NON_LITERAL_NULL_CONVERSION = YES;
				CLANG_WARN_OBJC_IMPLICIT_RETAIN_SELF = YES;
				CLANG_WARN_OBJC_LITERAL_CONVERSION = YES;
				CLANG_WARN_OBJC_ROOT_CLASS = YES_ERROR;
				CLANG_WARN_QUOTED_INCLUDE_IN_FRAMEWORK_HEADER = YES;
				CLANG_WARN_RANGE_LOOP_ANALYSIS = YES;
				CLANG_WARN_STRICT_PROTOTYPES = YES;
				CLANG_WARN_SUSPICIOUS_MOVE = YES;
				CLANG_WARN_UNGUARDED_AVAILABILITY = YES_AGGRESSIVE;
				CLANG_WARN_UNREACHABLE_CODE = YES;
				CLANG_WARN__DUPLICATE_METHOD_MATCH = YES;
				COPY_PHASE_STRIP = NO;
				DEBUG_INFORMATION_FORMAT = dwarf;
				ENABLE_STRICT_OBJC_MSGSEND = YES;
				ENABLE_TESTABILITY = YES;
				GCC_C_LANGUAGE_STANDARD = gnu11;
				GCC_DYNAMIC_NO_PIC = NO;
				GCC_NO_COMMON_BLOCKS = YES;
				GCC_OPTIMIZATION_LEVEL = 0;
				GCC_PREPROCESSOR_DEFINITIONS = (
					"DEBUG=1",
					"$(inherited)",
				);
				GCC_WARN_64_TO_32_BIT_CONVERSION = YES;
				GCC_WARN_ABOUT_RETURN_TYPE = YES_ERROR;
				GCC_WARN_UNDECLARED_SELECTOR = YES;
				GCC_WARN_UNINITIALIZED_AUTOS = YES_AGGRESSIVE;
				GCC_WARN_UNUSED_FUNCTION = YES;
				GCC_WARN_UNUSED_VARIABLE = YES;
				IPHONEOS_DEPLOYMENT_TARGET = 16.2;
				MTL_ENABLE_DEBUG_INFO = INCLUDE_SOURCE;
				MTL_FAST_MATH = YES;
				ONLY_ACTIVE_ARCH = YES;
				SDKROOT = iphoneos;
				SWIFT_ACTIVE_COMPILATION_CONDITIONS = DEBUG;
				SWIFT_OPTIMIZATION_LEVEL = "-Onone";
			};
			name = Debug;
		};
		187CF02429F68A4900CD262F /* Release */ = {
			isa = XCBuildConfiguration;
			buildSettings = {
				ALWAYS_SEARCH_USER_PATHS = NO;
				CLANG_ANALYZER_NONNULL = YES;
				CLANG_ANALYZER_NUMBER_OBJECT_CONVERSION = YES_AGGRESSIVE;
				CLANG_CXX_LANGUAGE_STANDARD = "gnu++20";
				CLANG_ENABLE_MODULES = YES;
				CLANG_ENABLE_OBJC_ARC = YES;
				CLANG_ENABLE_OBJC_WEAK = YES;
				CLANG_WARN_BLOCK_CAPTURE_AUTORELEASING = YES;
				CLANG_WARN_BOOL_CONVERSION = YES;
				CLANG_WARN_COMMA = YES;
				CLANG_WARN_CONSTANT_CONVERSION = YES;
				CLANG_WARN_DEPRECATED_OBJC_IMPLEMENTATIONS = YES;
				CLANG_WARN_DIRECT_OBJC_ISA_USAGE = YES_ERROR;
				CLANG_WARN_DOCUMENTATION_COMMENTS = YES;
				CLANG_WARN_EMPTY_BODY = YES;
				CLANG_WARN_ENUM_CONVERSION = YES;
				CLANG_WARN_INFINITE_RECURSION = YES;
				CLANG_WARN_INT_CONVERSION = YES;
				CLANG_WARN_NON_LITERAL_NULL_CONVERSION = YES;
				CLANG_WARN_OBJC_IMPLICIT_RETAIN_SELF = YES;
				CLANG_WARN_OBJC_LITERAL_CONVERSION = YES;
				CLANG_WARN_OBJC_ROOT_CLASS = YES_ERROR;
				CLANG_WARN_QUOTED_INCLUDE_IN_FRAMEWORK_HEADER = YES;
				CLANG_WARN_RANGE_LOOP_ANALYSIS = YES;
				CLANG_WARN_STRICT_PROTOTYPES = YES;
				CLANG_WARN_SUSPICIOUS_MOVE = YES;
				CLANG_WARN_UNGUARDED_AVAILABILITY = YES_AGGRESSIVE;
				CLANG_WARN_UNREACHABLE_CODE = YES;
				CLANG_WARN__DUPLICATE_METHOD_MATCH = YES;
				COPY_PHASE_STRIP = NO;
				DEBUG_INFORMATION_FORMAT = "dwarf-with-dsym";
				ENABLE_NS_ASSERTIONS = NO;
				ENABLE_STRICT_OBJC_MSGSEND = YES;
				GCC_C_LANGUAGE_STANDARD = gnu11;
				GCC_NO_COMMON_BLOCKS = YES;
				GCC_WARN_64_TO_32_BIT_CONVERSION = YES;
				GCC_WARN_ABOUT_RETURN_TYPE = YES_ERROR;
				GCC_WARN_UNDECLARED_SELECTOR = YES;
				GCC_WARN_UNINITIALIZED_AUTOS = YES_AGGRESSIVE;
				GCC_WARN_UNUSED_FUNCTION = YES;
				GCC_WARN_UNUSED_VARIABLE = YES;
				IPHONEOS_DEPLOYMENT_TARGET = 16.2;
				MTL_ENABLE_DEBUG_INFO = NO;
				MTL_FAST_MATH = YES;
				SDKROOT = iphoneos;
				SWIFT_COMPILATION_MODE = wholemodule;
				SWIFT_OPTIMIZATION_LEVEL = "-O";
				VALIDATE_PRODUCT = YES;
			};
			name = Release;
		};
		187CF02629F68A4900CD262F /* Debug */ = {
			isa = XCBuildConfiguration;
			buildSettings = {
				ASSETCATALOG_COMPILER_APPICON_NAME = AppIcon;
				ASSETCATALOG_COMPILER_GLOBAL_ACCENT_COLOR_NAME = AccentColor;
				CODE_SIGN_STYLE = Automatic;
				CURRENT_PROJECT_VERSION = 1;
				DEVELOPMENT_ASSET_PATHS = "\"SwiftUI_Test/Preview Content\"";
				DEVELOPMENT_TEAM = BKWHC8NZRW;
				ENABLE_PREVIEWS = YES;
				GENERATE_INFOPLIST_FILE = YES;
				INFOPLIST_FILE = "SwiftUI-Test-Info.plist";
				INFOPLIST_KEY_UIApplicationSupportsIndirectInputEvents = YES;
				INFOPLIST_KEY_UILaunchScreen_Generation = YES;
				INFOPLIST_KEY_UISupportedInterfaceOrientations_iPad = "UIInterfaceOrientationPortrait UIInterfaceOrientationPortraitUpsideDown UIInterfaceOrientationLandscapeLeft UIInterfaceOrientationLandscapeRight";
				INFOPLIST_KEY_UISupportedInterfaceOrientations_iPhone = "UIInterfaceOrientationPortrait UIInterfaceOrientationLandscapeLeft UIInterfaceOrientationLandscapeRight";
				LD_RUNPATH_SEARCH_PATHS = (
					"$(inherited)",
					"@executable_path/Frameworks",
				);
				MARKETING_VERSION = 1.0;
				PRODUCT_BUNDLE_IDENTIFIER = "oksanafed.dev.SwiftUI-Test";
				PRODUCT_NAME = "$(TARGET_NAME)";
				SWIFT_EMIT_LOC_STRINGS = YES;
				SWIFT_VERSION = 5.0;
				TARGETED_DEVICE_FAMILY = "1,2";
			};
			name = Debug;
		};
		187CF02729F68A4900CD262F /* Release */ = {
			isa = XCBuildConfiguration;
			buildSettings = {
				ASSETCATALOG_COMPILER_APPICON_NAME = AppIcon;
				ASSETCATALOG_COMPILER_GLOBAL_ACCENT_COLOR_NAME = AccentColor;
				CODE_SIGN_STYLE = Automatic;
				CURRENT_PROJECT_VERSION = 1;
				DEVELOPMENT_ASSET_PATHS = "\"SwiftUI_Test/Preview Content\"";
				DEVELOPMENT_TEAM = BKWHC8NZRW;
				ENABLE_PREVIEWS = YES;
				GENERATE_INFOPLIST_FILE = YES;
				INFOPLIST_FILE = "SwiftUI-Test-Info.plist";
				INFOPLIST_KEY_UIApplicationSupportsIndirectInputEvents = YES;
				INFOPLIST_KEY_UILaunchScreen_Generation = YES;
				INFOPLIST_KEY_UISupportedInterfaceOrientations_iPad = "UIInterfaceOrientationPortrait UIInterfaceOrientationPortraitUpsideDown UIInterfaceOrientationLandscapeLeft UIInterfaceOrientationLandscapeRight";
				INFOPLIST_KEY_UISupportedInterfaceOrientations_iPhone = "UIInterfaceOrientationPortrait UIInterfaceOrientationLandscapeLeft UIInterfaceOrientationLandscapeRight";
				LD_RUNPATH_SEARCH_PATHS = (
					"$(inherited)",
					"@executable_path/Frameworks",
				);
				MARKETING_VERSION = 1.0;
				PRODUCT_BUNDLE_IDENTIFIER = "oksanafed.dev.SwiftUI-Test";
				PRODUCT_NAME = "$(TARGET_NAME)";
				SWIFT_EMIT_LOC_STRINGS = YES;
				SWIFT_VERSION = 5.0;
				TARGETED_DEVICE_FAMILY = "1,2";
			};
			name = Release;
		};
		187CF02929F68A4900CD262F /* Debug */ = {
			isa = XCBuildConfiguration;
			buildSettings = {
				ALWAYS_EMBED_SWIFT_STANDARD_LIBRARIES = YES;
				BUNDLE_LOADER = "$(TEST_HOST)";
				CODE_SIGN_STYLE = Automatic;
				CURRENT_PROJECT_VERSION = 1;
				DEVELOPMENT_TEAM = BKWHC8NZRW;
				GENERATE_INFOPLIST_FILE = YES;
				IPHONEOS_DEPLOYMENT_TARGET = 16.2;
				MARKETING_VERSION = 1.0;
				PRODUCT_BUNDLE_IDENTIFIER = "oksanafed.dev.SwiftUI-TestTests";
				PRODUCT_NAME = "$(TARGET_NAME)";
				SWIFT_EMIT_LOC_STRINGS = NO;
				SWIFT_VERSION = 5.0;
				TARGETED_DEVICE_FAMILY = "1,2";
				TEST_HOST = "$(BUILT_PRODUCTS_DIR)/SwiftUI_Test.app/$(BUNDLE_EXECUTABLE_FOLDER_PATH)/SwiftUI_Test";
			};
			name = Debug;
		};
		187CF02A29F68A4900CD262F /* Release */ = {
			isa = XCBuildConfiguration;
			buildSettings = {
				ALWAYS_EMBED_SWIFT_STANDARD_LIBRARIES = YES;
				BUNDLE_LOADER = "$(TEST_HOST)";
				CODE_SIGN_STYLE = Automatic;
				CURRENT_PROJECT_VERSION = 1;
				DEVELOPMENT_TEAM = BKWHC8NZRW;
				GENERATE_INFOPLIST_FILE = YES;
				IPHONEOS_DEPLOYMENT_TARGET = 16.2;
				MARKETING_VERSION = 1.0;
				PRODUCT_BUNDLE_IDENTIFIER = "oksanafed.dev.SwiftUI-TestTests";
				PRODUCT_NAME = "$(TARGET_NAME)";
				SWIFT_EMIT_LOC_STRINGS = NO;
				SWIFT_VERSION = 5.0;
				TARGETED_DEVICE_FAMILY = "1,2";
				TEST_HOST = "$(BUILT_PRODUCTS_DIR)/SwiftUI_Test.app/$(BUNDLE_EXECUTABLE_FOLDER_PATH)/SwiftUI_Test";
			};
			name = Release;
		};
		187CF02C29F68A4900CD262F /* Debug */ = {
			isa = XCBuildConfiguration;
			buildSettings = {
				ALWAYS_EMBED_SWIFT_STANDARD_LIBRARIES = YES;
				CODE_SIGN_STYLE = Automatic;
				CURRENT_PROJECT_VERSION = 1;
				DEVELOPMENT_TEAM = BKWHC8NZRW;
				GENERATE_INFOPLIST_FILE = YES;
				MARKETING_VERSION = 1.0;
				PRODUCT_BUNDLE_IDENTIFIER = "oksanafed.dev.SwiftUI-TestUITests";
				PRODUCT_NAME = "$(TARGET_NAME)";
				SWIFT_EMIT_LOC_STRINGS = NO;
				SWIFT_VERSION = 5.0;
				TARGETED_DEVICE_FAMILY = "1,2";
				TEST_TARGET_NAME = SwiftUI_Test;
			};
			name = Debug;
		};
		187CF02D29F68A4900CD262F /* Release */ = {
			isa = XCBuildConfiguration;
			buildSettings = {
				ALWAYS_EMBED_SWIFT_STANDARD_LIBRARIES = YES;
				CODE_SIGN_STYLE = Automatic;
				CURRENT_PROJECT_VERSION = 1;
				DEVELOPMENT_TEAM = BKWHC8NZRW;
				GENERATE_INFOPLIST_FILE = YES;
				MARKETING_VERSION = 1.0;
				PRODUCT_BUNDLE_IDENTIFIER = "oksanafed.dev.SwiftUI-TestUITests";
				PRODUCT_NAME = "$(TARGET_NAME)";
				SWIFT_EMIT_LOC_STRINGS = NO;
				SWIFT_VERSION = 5.0;
				TARGETED_DEVICE_FAMILY = "1,2";
				TEST_TARGET_NAME = SwiftUI_Test;
			};
			name = Release;
		};
/* End XCBuildConfiguration section */

/* Begin XCConfigurationList section */
		187CEFF729F68A4600CD262F /* Build configuration list for PBXProject "SwiftUI_Test" */ = {
			isa = XCConfigurationList;
			buildConfigurations = (
				187CF02329F68A4900CD262F /* Debug */,
				187CF02429F68A4900CD262F /* Release */,
			);
			defaultConfigurationIsVisible = 0;
			defaultConfigurationName = Release;
		};
		187CF02529F68A4900CD262F /* Build configuration list for PBXNativeTarget "SwiftUI_Test" */ = {
			isa = XCConfigurationList;
			buildConfigurations = (
				187CF02629F68A4900CD262F /* Debug */,
				187CF02729F68A4900CD262F /* Release */,
			);
			defaultConfigurationIsVisible = 0;
			defaultConfigurationName = Release;
		};
		187CF02829F68A4900CD262F /* Build configuration list for PBXNativeTarget "SwiftUI_TestTests" */ = {
			isa = XCConfigurationList;
			buildConfigurations = (
				187CF02929F68A4900CD262F /* Debug */,
				187CF02A29F68A4900CD262F /* Release */,
			);
			defaultConfigurationIsVisible = 0;
			defaultConfigurationName = Release;
		};
		187CF02B29F68A4900CD262F /* Build configuration list for PBXNativeTarget "SwiftUI_TestUITests" */ = {
			isa = XCConfigurationList;
			buildConfigurations = (
				187CF02C29F68A4900CD262F /* Debug */,
				187CF02D29F68A4900CD262F /* Release */,
			);
			defaultConfigurationIsVisible = 0;
			defaultConfigurationName = Release;
		};
/* End XCConfigurationList section */

/* Begin XCRemoteSwiftPackageReference section */
		18D28C5E29F916AD00491484 /* XCRemoteSwiftPackageReference "SDWebImageSwiftUI" */ = {
			isa = XCRemoteSwiftPackageReference;
			repositoryURL = "https://github.com/SDWebImage/SDWebImageSwiftUI.git";
			requirement = {
				kind = upToNextMajorVersion;
				minimumVersion = 2.0.0;
			};
		};
		18D28C6129F916F900491484 /* XCRemoteSwiftPackageReference "SDWebImageSVGCoder" */ = {
			isa = XCRemoteSwiftPackageReference;
			repositoryURL = "https://github.com/SDWebImage/SDWebImageSVGCoder";
			requirement = {
				kind = upToNextMajorVersion;
				minimumVersion = 1.4.0;
			};
		};
/* End XCRemoteSwiftPackageReference section */

/* Begin XCSwiftPackageProductDependency section */
		186B5D1129FBF443002C91D9 /* SDWebImageSwiftUI */ = {
			isa = XCSwiftPackageProductDependency;
			package = 18D28C5E29F916AD00491484 /* XCRemoteSwiftPackageReference "SDWebImageSwiftUI" */;
			productName = SDWebImageSwiftUI;
		};
		186B5D1329FBF449002C91D9 /* SDWebImageSVGCoder */ = {
			isa = XCSwiftPackageProductDependency;
			package = 18D28C6129F916F900491484 /* XCRemoteSwiftPackageReference "SDWebImageSVGCoder" */;
			productName = SDWebImageSVGCoder;
		};
		18D28C5F29F916AD00491484 /* SDWebImageSwiftUI */ = {
			isa = XCSwiftPackageProductDependency;
			package = 18D28C5E29F916AD00491484 /* XCRemoteSwiftPackageReference "SDWebImageSwiftUI" */;
			productName = SDWebImageSwiftUI;
		};
		18D28C6229F916F900491484 /* SDWebImageSVGCoder */ = {
			isa = XCSwiftPackageProductDependency;
			package = 18D28C6129F916F900491484 /* XCRemoteSwiftPackageReference "SDWebImageSVGCoder" */;
			productName = SDWebImageSVGCoder;
		};
/* End XCSwiftPackageProductDependency section */
	};
	rootObject = 187CEFF429F68A4600CD262F /* Project object */;
}
